#MicroXplorer Configuration settings - do not modify
CAD.formats=
CAD.pinconfig=
CAD.provider=
Dma.Request0=SPI2_TX
Dma.Request1=SPI1_TX
Dma.Request2=SDIO
Dma.Request3=USART3_TX
Dma.RequestsNb=4
Dma.SDIO.2.Direction=DMA_PERIPH_TO_MEMORY
Dma.SDIO.2.FIFOMode=DMA_FIFOMODE_ENABLE
Dma.SDIO.2.FIFOThreshold=DMA_FIFO_THRESHOLD_FULL
Dma.SDIO.2.Instance=DMA2_Stream3
Dma.SDIO.2.MemBurst=DMA_MBURST_INC4
Dma.SDIO.2.MemDataAlignment=DMA_MDATAALIGN_WORD
Dma.SDIO.2.MemInc=DMA_MINC_ENABLE
Dma.SDIO.2.Mode=DMA_PFCTRL
Dma.SDIO.2.PeriphBurst=DMA_PBURST_INC4
Dma.SDIO.2.PeriphDataAlignment=DMA_PDATAALIGN_WORD
Dma.SDIO.2.PeriphInc=DMA_PINC_DISABLE
Dma.SDIO.2.Priority=DMA_PRIORITY_LOW
Dma.SDIO.2.RequestParameters=Instance,Direction,PeriphInc,MemInc,PeriphDataAlignment,MemDataAlignment,Mode,Priority,FIFOMode,FIFOThreshold,MemBurst,PeriphBurst
Dma.SPI1_TX.1.Direction=DMA_MEMORY_TO_PERIPH
Dma.SPI1_TX.1.FIFOMode=DMA_FIFOMODE_DISABLE
Dma.SPI1_TX.1.Instance=DMA2_Stream5
Dma.SPI1_TX.1.MemDataAlignment=DMA_MDATAALIGN_BYTE
Dma.SPI1_TX.1.MemInc=DMA_MINC_ENABLE
Dma.SPI1_TX.1.Mode=DMA_NORMAL
Dma.SPI1_TX.1.PeriphDataAlignment=DMA_PDATAALIGN_BYTE
Dma.SPI1_TX.1.PeriphInc=DMA_PINC_DISABLE
Dma.SPI1_TX.1.Priority=DMA_PRIORITY_LOW
Dma.SPI1_TX.1.RequestParameters=Instance,Direction,PeriphInc,MemInc,PeriphDataAlignment,MemDataAlignment,Mode,Priority,FIFOMode
Dma.SPI2_TX.0.Direction=DMA_MEMORY_TO_PERIPH
Dma.SPI2_TX.0.FIFOMode=DMA_FIFOMODE_DISABLE
Dma.SPI2_TX.0.Instance=DMA1_Stream4
Dma.SPI2_TX.0.MemDataAlignment=DMA_MDATAALIGN_WORD
Dma.SPI2_TX.0.MemInc=DMA_MINC_ENABLE
Dma.SPI2_TX.0.Mode=DMA_NORMAL
Dma.SPI2_TX.0.PeriphDataAlignment=DMA_PDATAALIGN_WORD
Dma.SPI2_TX.0.PeriphInc=DMA_PINC_DISABLE
Dma.SPI2_TX.0.Priority=DMA_PRIORITY_LOW
Dma.SPI2_TX.0.RequestParameters=Instance,Direction,PeriphInc,MemInc,PeriphDataAlignment,MemDataAlignment,Mode,Priority,FIFOMode
Dma.USART3_TX.3.Direction=DMA_MEMORY_TO_PERIPH
Dma.USART3_TX.3.FIFOMode=DMA_FIFOMODE_DISABLE
Dma.USART3_TX.3.Instance=DMA1_Stream3
Dma.USART3_TX.3.MemDataAlignment=DMA_MDATAALIGN_BYTE
Dma.USART3_TX.3.MemInc=DMA_MINC_ENABLE
Dma.USART3_TX.3.Mode=DMA_NORMAL
Dma.USART3_TX.3.PeriphDataAlignment=DMA_PDATAALIGN_BYTE
Dma.USART3_TX.3.PeriphInc=DMA_PINC_DISABLE
Dma.USART3_TX.3.Priority=DMA_PRIORITY_LOW
Dma.USART3_TX.3.RequestParameters=Instance,Direction,PeriphInc,MemInc,PeriphDataAlignment,MemDataAlignment,Mode,Priority,FIFOMode
FATFS.BSP.number=1
FATFS.IPParameters=USE_DMA_CODE_SD
FATFS.USE_DMA_CODE_SD=1
FATFS0.BSP.STBoard=false
FATFS0.BSP.api=Unknown
FATFS0.BSP.component=
FATFS0.BSP.condition=
FATFS0.BSP.instance=PB8
FATFS0.BSP.ip=GPIO
FATFS0.BSP.mode=Input
FATFS0.BSP.name=Detect_SDIO
FATFS0.BSP.semaphore=
FATFS0.BSP.solution=PB8
File.Version=6
GPIO.groupedBy=Group By Peripherals
I2S2.ErrorAudioFreq=1.72 %
I2S2.FullDuplexMode=I2S_FULLDUPLEXMODE_ENABLE
I2S2.IPParameters=Instance,VirtualMode,FullDuplexMode,RealAudioFreq,ErrorAudioFreq
I2S2.Instance=SPI$Index
I2S2.RealAudioFreq=8.138 KHz
I2S2.VirtualMode=I2S_MODE_MASTER
KeepUserPlacement=false
Mcu.CPN=STM32F405RGT6
Mcu.Family=STM32F4
Mcu.IP0=DMA
Mcu.IP1=FATFS
Mcu.IP10=USB_OTG_FS
Mcu.IP2=I2C1
Mcu.IP3=I2S2
Mcu.IP4=NVIC
Mcu.IP5=RCC
Mcu.IP6=SDIO
Mcu.IP7=SPI1
Mcu.IP8=USART3
Mcu.IP9=USB_DEVICE
Mcu.IPNb=11
Mcu.Name=STM32F405RGTx
Mcu.Package=LQFP64
Mcu.Pin0=PC14-OSC32_IN
Mcu.Pin1=PC15-OSC32_OUT
Mcu.Pin10=PA7
Mcu.Pin11=PC4
Mcu.Pin12=PC5
Mcu.Pin13=PB10
Mcu.Pin14=PB11
Mcu.Pin15=PB12
Mcu.Pin16=PB13
Mcu.Pin17=PB14
Mcu.Pin18=PB15
Mcu.Pin19=PC6
Mcu.Pin2=PH0-OSC_IN
Mcu.Pin20=PC7
Mcu.Pin21=PC8
Mcu.Pin22=PC9
Mcu.Pin23=PA10
Mcu.Pin24=PA11
Mcu.Pin25=PA12
Mcu.Pin26=PC10
Mcu.Pin27=PC11
Mcu.Pin28=PC12
Mcu.Pin29=PD2
Mcu.Pin3=PH1-OSC_OUT
Mcu.Pin30=PB3
Mcu.Pin31=PB4
Mcu.Pin32=PB5
Mcu.Pin33=PB6
Mcu.Pin34=PB7
Mcu.Pin35=PB8
Mcu.Pin36=PB9
Mcu.Pin37=VP_FATFS_VS_SDIO
Mcu.Pin38=VP_USB_DEVICE_VS_USB_DEVICE_MSC_FS
Mcu.Pin4=PC0
Mcu.Pin5=PC1
Mcu.Pin6=PC2
Mcu.Pin7=PC3
Mcu.Pin8=PA5
Mcu.Pin9=PA6
Mcu.PinsNb=39
Mcu.ThirdPartyNb=0
Mcu.UserConstants=
Mcu.UserName=STM32F405RGTx
MxCube.Version=6.9.0
MxDb.Version=DB.6.0.90
NVIC.BusFault_IRQn=true\:0\:0\:false\:false\:true\:false\:false\:false
NVIC.DMA1_Stream3_IRQn=true\:0\:0\:false\:false\:true\:false\:true\:true
NVIC.DMA1_Stream4_IRQn=true\:0\:0\:false\:false\:true\:false\:true\:true
NVIC.DMA2_Stream3_IRQn=true\:0\:0\:false\:false\:true\:false\:true\:true
NVIC.DMA2_Stream5_IRQn=true\:0\:0\:false\:false\:true\:false\:true\:true
NVIC.DebugMonitor_IRQn=true\:0\:0\:false\:false\:true\:false\:false\:false
NVIC.ForceEnableDMAVector=true
NVIC.HardFault_IRQn=true\:0\:0\:false\:false\:true\:false\:false\:false
NVIC.MemoryManagement_IRQn=true\:0\:0\:false\:false\:true\:false\:false\:false
NVIC.NonMaskableInt_IRQn=true\:0\:0\:false\:false\:true\:false\:false\:false
NVIC.OTG_FS_IRQn=true\:0\:0\:false\:false\:true\:false\:true\:true
NVIC.PendSV_IRQn=true\:0\:0\:false\:false\:true\:false\:false\:false
NVIC.PriorityGroup=NVIC_PRIORITYGROUP_4
NVIC.SDIO_IRQn=true\:0\:0\:false\:false\:true\:true\:true\:true
NVIC.SVCall_IRQn=true\:0\:0\:false\:false\:true\:false\:false\:false
NVIC.SysTick_IRQn=true\:15\:0\:false\:false\:true\:false\:true\:false
NVIC.USART3_IRQn=true\:0\:0\:false\:false\:true\:true\:true\:true
NVIC.UsageFault_IRQn=true\:0\:0\:false\:false\:true\:false\:false\:false
PA10.GPIOParameters=GPIO_Label
PA10.GPIO_Label=BTN_CANCEL
PA10.Locked=true
PA10.Signal=GPXTI10
PA11.Mode=Device_Only
PA11.Signal=USB_OTG_FS_DM
PA12.Mode=Device_Only
PA12.Signal=USB_OTG_FS_DP
PA5.Mode=Full_Duplex_Master
PA5.Signal=SPI1_SCK
PA6.Mode=Full_Duplex_Master
PA6.Signal=SPI1_MISO
PA7.Mode=Full_Duplex_Master
PA7.Signal=SPI1_MOSI
PB10.GPIOParameters=GPIO_PuPd
PB10.GPIO_PuPd=GPIO_PULLUP
PB10.Mode=Asynchronous
PB10.Signal=USART3_TX
PB11.Mode=Asynchronous
PB11.Signal=USART3_RX
PB12.Locked=true
PB12.Mode=Full_Duplex_Master
PB12.Signal=I2S2_WS
PB13.Locked=true
PB13.Mode=Full_Duplex_Master
PB13.Signal=I2S2_CK
PB14.Locked=true
PB14.Mode=Full_Duplex_Master
PB14.Signal=I2S2_ext_SD
PB15.Locked=true
PB15.Mode=Full_Duplex_Master
PB15.Signal=I2S2_SD
PB3.GPIOParameters=GPIO_Speed,PinState,GPIO_Label
PB3.GPIO_Label=SPI1_DC
PB3.GPIO_Speed=GPIO_SPEED_FREQ_VERY_HIGH
PB3.Locked=true
PB3.PinState=GPIO_PIN_RESET
PB3.Signal=GPIO_Output
PB4.GPIOParameters=GPIO_Label
PB4.GPIO_Label=SSD1351_RST
PB4.Locked=true
PB4.Signal=GPIO_Output
PB5.GPIOParameters=GPIO_Speed,PinState,GPIO_Label
PB5.GPIO_Label=SSD1351_CS
PB5.GPIO_Speed=GPIO_SPEED_FREQ_VERY_HIGH
PB5.Locked=true
PB5.PinState=GPIO_PIN_RESET
PB5.Signal=GPIO_Output
PB6.Mode=I2C
PB6.Signal=I2C1_SCL
PB7.Mode=I2C
PB7.Signal=I2C1_SDA
PB8.GPIOParameters=GPIO_Label
PB8.GPIO_Label=SD_DETECT
PB8.Locked=true
PB8.Signal=GPIO_Input
PB9.GPIOParameters=GPIO_Label
PB9.GPIO_Label=SPARE_GPIO4
PB9.Locked=true
PB9.Signal=GPIO_Analog
PC0.GPIOParameters=GPIO_Label
PC0.GPIO_Label=BTN_ENTER
PC0.Locked=true
PC0.Signal=GPXTI0
PC1.GPIOParameters=GPIO_Speed,PinState,GPIO_Label,GPIO_ModeDefaultOutputPP
PC1.GPIO_Label=USER_LED
PC1.GPIO_ModeDefaultOutputPP=GPIO_MODE_OUTPUT_PP
PC1.GPIO_Speed=GPIO_SPEED_FREQ_LOW
PC1.Locked=true
PC1.PinState=GPIO_PIN_RESET
PC1.Signal=GPIO_Output
PC10.GPIOParameters=GPIO_PuPd
PC10.GPIO_PuPd=GPIO_PULLUP
PC10.Mode=SD_4_bits_Wide_bus
PC10.Signal=SDIO_D2
PC11.GPIOParameters=GPIO_PuPd
PC11.GPIO_PuPd=GPIO_PULLUP
PC11.Mode=SD_4_bits_Wide_bus
PC11.Signal=SDIO_D3
PC12.GPIOParameters=GPIO_PuPd
PC12.GPIO_PuPd=GPIO_NOPULL
PC12.Mode=SD_4_bits_Wide_bus
PC12.Signal=SDIO_CK
PC14-OSC32_IN.Mode=LSE-External-Oscillator
PC14-OSC32_IN.Signal=RCC_OSC32_IN
PC15-OSC32_OUT.Mode=LSE-External-Oscillator
PC15-OSC32_OUT.Signal=RCC_OSC32_OUT
PC2.GPIOParameters=GPIO_Label
PC2.GPIO_Label=BTN_UP
PC2.Locked=true
PC2.Signal=GPXTI2
PC3.GPIOParameters=GPIO_Label
PC3.GPIO_Label=BTN_RIGHT
PC3.Locked=true
PC3.Signal=GPXTI3
PC4.GPIOParameters=GPIO_Label
PC4.GPIO_Label=BTN_DOWN
PC4.Locked=true
PC4.Signal=GPXTI4
PC5.GPIOParameters=GPIO_Label
PC5.GPIO_Label=BTN_LEFT
PC5.Locked=true
PC5.Signal=GPXTI5
PC6.Mode=Master_Clock_Activated
PC6.Signal=I2S2_MCK
PC7.GPIOParameters=GPIO_Label
PC7.GPIO_Label=SPARE_GPIO5
PC7.Locked=true
PC7.Signal=GPIO_Analog
PC8.GPIOParameters=GPIO_PuPd
PC8.GPIO_PuPd=GPIO_PULLUP
PC8.Mode=SD_4_bits_Wide_bus
PC8.Signal=SDIO_D0
PC9.GPIOParameters=GPIO_PuPd
PC9.GPIO_PuPd=GPIO_PULLUP
PC9.Mode=SD_4_bits_Wide_bus
PC9.Signal=SDIO_D1
PD2.GPIOParameters=GPIO_PuPd
PD2.GPIO_PuPd=GPIO_NOPULL
PD2.Mode=SD_4_bits_Wide_bus
PD2.Signal=SDIO_CMD
PH0-OSC_IN.Mode=HSE-External-Oscillator
PH0-OSC_IN.Signal=RCC_OSC_IN
PH1-OSC_OUT.Mode=HSE-External-Oscillator
PH1-OSC_OUT.Signal=RCC_OSC_OUT
PinOutPanel.RotationAngle=0
ProjectManager.AskForMigrate=true
ProjectManager.BackupPrevious=false
ProjectManager.CompilerOptimize=6
ProjectManager.ComputerToolchain=false
ProjectManager.CoupleFile=true
ProjectManager.CustomerFirmwarePackage=
ProjectManager.DefaultFWLocation=true
ProjectManager.DeletePrevious=false
ProjectManager.DeviceId=STM32F405RGTx
ProjectManager.FirmwarePackage=STM32Cube FW_F4 V1.27.1
ProjectManager.FreePins=true
ProjectManager.HalAssertFull=false
ProjectManager.HeapSize=0x200
ProjectManager.KeepUserCode=true
ProjectManager.LastFirmware=true
ProjectManager.LibraryCopy=1
ProjectManager.MainLocation=Core/Src
ProjectManager.NoMain=false
ProjectManager.PreviousToolchain=
ProjectManager.ProjectBuild=false
ProjectManager.ProjectFileName=nimbus.ioc
ProjectManager.ProjectName=nimbus
ProjectManager.ProjectStructure=
ProjectManager.RegisterCallBack=
ProjectManager.StackSize=0x400
ProjectManager.TargetToolchain=STM32CubeIDE
ProjectManager.ToolChainLocation=
ProjectManager.UAScriptAfterPath=
ProjectManager.UAScriptBeforePath=
ProjectManager.UnderRoot=true
ProjectManager.functionlistsort=1-SystemClock_Config-RCC-false-HAL-false,2-MX_GPIO_Init-GPIO-false-HAL-true,3-MX_DMA_Init-DMA-false-HAL-true,4-MX_SDIO_SD_Init-SDIO-false-HAL-true,5-MX_I2S2_Init-I2S2-false-HAL-true,6-MX_I2C1_Init-I2C1-false-HAL-true,7-MX_USB_DEVICE_Init-USB_DEVICE-false-HAL-false,8-MX_SPI1_Init-SPI1-false-HAL-true,9-MX_FATFS_Init-FATFS-false-HAL-false,10-MX_USART3_UART_Init-USART3-false-HAL-true
RCC.48MHZClocksFreq_Value=48000000
RCC.AHBFreq_Value=168000000
RCC.APB1CLKDivider=RCC_HCLK_DIV4
RCC.APB1Freq_Value=42000000
RCC.APB1TimFreq_Value=84000000
RCC.APB2CLKDivider=RCC_HCLK_DIV2
RCC.APB2Freq_Value=84000000
RCC.APB2TimFreq_Value=168000000
RCC.CortexFreq_Value=168000000
RCC.EthernetFreq_Value=168000000
RCC.FCLKCortexFreq_Value=168000000
RCC.FamilyName=M
RCC.HCLKFreq_Value=168000000
RCC.HSE_VALUE=12000000
RCC.HSI_VALUE=16000000
RCC.I2SClocksFreq_Value=50000000
RCC.IPParameters=48MHZClocksFreq_Value,AHBFreq_Value,APB1CLKDivider,APB1Freq_Value,APB1TimFreq_Value,APB2CLKDivider,APB2Freq_Value,APB2TimFreq_Value,CortexFreq_Value,EthernetFreq_Value,FCLKCortexFreq_Value,FamilyName,HCLKFreq_Value,HSE_VALUE,HSI_VALUE,I2SClocksFreq_Value,LSI_VALUE,MCO2PinFreq_Value,PLLCLKFreq_Value,PLLI2SN,PLLM,PLLN,PLLQ,PLLQCLKFreq_Value,RTCFreq_Value,RTCHSEDivFreq_Value,SYSCLKFreq_VALUE,SYSCLKSource,VCOI2SOutputFreq_Value,VCOInputFreq_Value,VCOOutputFreq_Value,VcooutputI2S
RCC.LSI_VALUE=32000
RCC.MCO2PinFreq_Value=168000000
RCC.PLLCLKFreq_Value=168000000
RCC.PLLI2SN=50
RCC.PLLM=6
RCC.PLLN=168
RCC.PLLQ=7
RCC.PLLQCLKFreq_Value=48000000
RCC.RTCFreq_Value=32000
RCC.RTCHSEDivFreq_Value=6000000
RCC.SYSCLKFreq_VALUE=168000000
RCC.SYSCLKSource=RCC_SYSCLKSOURCE_PLLCLK
RCC.VCOI2SOutputFreq_Value=100000000
RCC.VCOInputFreq_Value=2000000
RCC.VCOOutputFreq_Value=336000000
RCC.VcooutputI2S=50000000
SDIO.ClockDiv=4
SDIO.ClockEdge=SDIO_CLOCK_EDGE_RISING
SDIO.IPParameters=ClockDiv,ClockEdge
SH.GPXTI0.0=GPIO_EXTI0
SH.GPXTI0.ConfNb=1
SH.GPXTI10.0=GPIO_EXTI10
SH.GPXTI10.ConfNb=1
SH.GPXTI2.0=GPIO_EXTI2
SH.GPXTI2.ConfNb=1
SH.GPXTI3.0=GPIO_EXTI3
SH.GPXTI3.ConfNb=1
SH.GPXTI4.0=GPIO_EXTI4
SH.GPXTI4.ConfNb=1
SH.GPXTI5.0=GPIO_EXTI5
SH.GPXTI5.ConfNb=1
SPI1.BaudRatePrescaler=SPI_BAUDRATEPRESCALER_2
SPI1.CalculateBaudRate=42.0 MBits/s
SPI1.Direction=SPI_DIRECTION_2LINES
SPI1.IPParameters=VirtualType,Mode,Direction,CalculateBaudRate,BaudRatePrescaler
SPI1.Mode=SPI_MODE_MASTER
SPI1.VirtualType=VM_MASTER
USART3.BaudRate=460800
USART3.IPParameters=VirtualMode,BaudRate,Mode
USART3.Mode=MODE_TX
USART3.VirtualMode=VM_ASYNC
USB_DEVICE.CLASS_NAME_FS=MSC
USB_DEVICE.IPParameters=VirtualModeFS,CLASS_NAME_FS,VirtualMode-MSC_FS,USBD_SELF_POWERED-MSC_FS
USB_DEVICE.USBD_SELF_POWERED-MSC_FS=0
USB_DEVICE.VirtualMode-MSC_FS=Msc
USB_DEVICE.VirtualModeFS=Msc_FS
USB_OTG_FS.IPParameters=VirtualMode
USB_OTG_FS.VirtualMode=Device_Only
VP_FATFS_VS_SDIO.Mode=SDIO
VP_FATFS_VS_SDIO.Signal=FATFS_VS_SDIO
VP_USB_DEVICE_VS_USB_DEVICE_MSC_FS.Mode=MSC_FS
VP_USB_DEVICE_VS_USB_DEVICE_MSC_FS.Signal=USB_DEVICE_VS_USB_DEVICE_MSC_FS
board=custom
isbadioc=false
